
Microsoft Visual Studio Solution File, Format Version 12.00
# Visual Studio Version 16
VisualStudioVersion = 16.0.30011.22
MinimumVisualStudioVersion = 10.0.40219.1
Project("{8BC9CEB8-8B4A-11D0-8D11-00A0C91BC942}") = "depth_peeling", "depth_peeling\depth_peeling.vcxproj", "{E16DB2B0-D990-4F99-9791-3636745590B6}"
EndProject
Project("{8BC9CEB8-8B4A-11D0-8D11-00A0C91BC942}") = "cssm", "cssm\cssm.vcxproj", "{9CAD4B71-52E1-4AF9-9E88-EAD49EEE3EAA}"
EndProject
Project("{8BC9CEB8-8B4A-11D0-8D11-00A0C91BC942}") = "Stochastic tranparency", "Stochastic tranparency\Stochastic tranparency.vcxproj", "{EDFC42DC-48E6-4F73-A097-AF02C5C44AED}"
EndProject
Project("{8BC9CEB8-8B4A-11D0-8D11-00A0C91BC942}") = "OIT", "OIT\OIT.vcxproj", "{8A8DB256-DDDD-4982-8E86-7F2E4FEDB015}"
EndProject
Project("{8BC9CEB8-8B4A-11D0-8D11-00A0C91BC942}") = "testComputeShader", "testComputeShader\testComputeShader.vcxproj", "{9E3370FE-A2C3-4486-8BEC-FC46907D15A3}"
EndProject
Project("{8BC9CEB8-8B4A-11D0-8D11-00A0C91BC942}") = "SLAB", "SLAB\SLAB.vcxproj", "{07D57DAE-5B7F-4DF1-A5F0-499D304A8865}"
EndProject
Project("{8BC9CEB8-8B4A-11D0-8D11-00A0C91BC942}") = "screen2Door", "screen2Door\screen2Door.vcxproj", "{117A5B0A-85FF-4CC5-9A2C-4AF804EEFD40}"
EndProject
Project("{8BC9CEB8-8B4A-11D0-8D11-00A0C91BC942}") = "alpha2coverage", "alpha2coverage\alpha2coverage.vcxproj", "{06FB102B-9597-4DC5-97C5-18FA76B6B4B9}"
EndProject
Project("{8BC9CEB8-8B4A-11D0-8D11-00A0C91BC942}") = "glTools", "glTools\glTools.vcxproj", "{08FBB9DE-D0B5-438E-8EF5-1A5BE6042115}"
EndProject
Project("{8BC9CEB8-8B4A-11D0-8D11-00A0C91BC942}") = "testDll", "testDll\testDll.vcxproj", "{921F3EFA-BADC-4D26-87F6-BCDC02889E65}"
EndProject
Project("{8BC9CEB8-8B4A-11D0-8D11-00A0C91BC942}") = "glToolsTestLib", "glToolsTestLib\glToolsTestLib.vcxproj", "{B9A2745F-B62A-4EBE-9849-B0B059682859}"
EndProject
Project("{8BC9CEB8-8B4A-11D0-8D11-00A0C91BC942}") = "GLADDLL", "GLADDLL\GLADDLL.vcxproj", "{E4100194-FFAF-40C9-9340-FD4C5320B15F}"
EndProject
Project("{8BC9CEB8-8B4A-11D0-8D11-00A0C91BC942}") = "thickNessTestWithOIT", "thickNessTestWithOIT\thickNessTestWithOIT.vcxproj", "{1DB2988A-3011-4D48-94FF-993A27D9B7CD}"
EndProject
Project("{8BC9CEB8-8B4A-11D0-8D11-00A0C91BC942}") = "thickNessTestWithVirtualPoint", "thickNessTestWithVirtualPoint\thickNessTestWithVirtualPoint.vcxproj", "{2C09172A-1636-4F99-A5FA-853CA2846501}"
EndProject
Project("{8BC9CEB8-8B4A-11D0-8D11-00A0C91BC942}") = "thickNessTestWithDepthPeeling", "thickNessTestWithDepthPeeling\thickNessTestWithDepthPeeling.vcxproj", "{E22A5257-F692-4A32-848B-FCFB02DAE1A3}"
EndProject
Project("{8BC9CEB8-8B4A-11D0-8D11-00A0C91BC942}") = "thickNessTestWithSDF", "thickNessTestWithSDF\thickNessTestWithSDF.vcxproj", "{1AAFE7DA-E200-4773-BA4E-1ABE8031B7DD}"
EndProject
Project("{8BC9CEB8-8B4A-11D0-8D11-00A0C91BC942}") = "pixelRenderOrder", "pixelRenderOrder\pixelRenderOrder.vcxproj", "{666ACE8D-BADA-4803-B849-7D7F2F06EB40}"
EndProject
Project("{8BC9CEB8-8B4A-11D0-8D11-00A0C91BC942}") = "thickNessTestWithDualDepthPeeling", "thickNessTestWithDualDepthPeeling\thickNessTestWithDualDepthPeeling.vcxproj", "{086AC56F-3EDA-4E2D-8BB3-3A9232B42017}"
EndProject
Project("{8BC9CEB8-8B4A-11D0-8D11-00A0C91BC942}") = "dualDepthPeeling", "dualDepthPeeling\dualDepthPeeling.vcxproj", "{3412D84F-A2A4-4F87-ACD6-977F8099C26C}"
EndProject
Global
	GlobalSection(SolutionConfigurationPlatforms) = preSolution
		Debug|x64 = Debug|x64
		Debug|x86 = Debug|x86
		Release|x64 = Release|x64
		Release|x86 = Release|x86
	EndGlobalSection
	GlobalSection(ProjectConfigurationPlatforms) = postSolution
		{E16DB2B0-D990-4F99-9791-3636745590B6}.Debug|x64.ActiveCfg = Debug|x64
		{E16DB2B0-D990-4F99-9791-3636745590B6}.Debug|x64.Build.0 = Debug|x64
		{E16DB2B0-D990-4F99-9791-3636745590B6}.Debug|x86.ActiveCfg = Debug|Win32
		{E16DB2B0-D990-4F99-9791-3636745590B6}.Debug|x86.Build.0 = Debug|Win32
		{E16DB2B0-D990-4F99-9791-3636745590B6}.Release|x64.ActiveCfg = Release|x64
		{E16DB2B0-D990-4F99-9791-3636745590B6}.Release|x64.Build.0 = Release|x64
		{E16DB2B0-D990-4F99-9791-3636745590B6}.Release|x86.ActiveCfg = Release|Win32
		{E16DB2B0-D990-4F99-9791-3636745590B6}.Release|x86.Build.0 = Release|Win32
		{9CAD4B71-52E1-4AF9-9E88-EAD49EEE3EAA}.Debug|x64.ActiveCfg = Debug|x64
		{9CAD4B71-52E1-4AF9-9E88-EAD49EEE3EAA}.Debug|x64.Build.0 = Debug|x64
		{9CAD4B71-52E1-4AF9-9E88-EAD49EEE3EAA}.Debug|x86.ActiveCfg = Debug|Win32
		{9CAD4B71-52E1-4AF9-9E88-EAD49EEE3EAA}.Debug|x86.Build.0 = Debug|Win32
		{9CAD4B71-52E1-4AF9-9E88-EAD49EEE3EAA}.Release|x64.ActiveCfg = Release|x64
		{9CAD4B71-52E1-4AF9-9E88-EAD49EEE3EAA}.Release|x64.Build.0 = Release|x64
		{9CAD4B71-52E1-4AF9-9E88-EAD49EEE3EAA}.Release|x86.ActiveCfg = Release|Win32
		{9CAD4B71-52E1-4AF9-9E88-EAD49EEE3EAA}.Release|x86.Build.0 = Release|Win32
		{EDFC42DC-48E6-4F73-A097-AF02C5C44AED}.Debug|x64.ActiveCfg = Debug|x64
		{EDFC42DC-48E6-4F73-A097-AF02C5C44AED}.Debug|x64.Build.0 = Debug|x64
		{EDFC42DC-48E6-4F73-A097-AF02C5C44AED}.Debug|x86.ActiveCfg = Debug|Win32
		{EDFC42DC-48E6-4F73-A097-AF02C5C44AED}.Debug|x86.Build.0 = Debug|Win32
		{EDFC42DC-48E6-4F73-A097-AF02C5C44AED}.Release|x64.ActiveCfg = Release|x64
		{EDFC42DC-48E6-4F73-A097-AF02C5C44AED}.Release|x64.Build.0 = Release|x64
		{EDFC42DC-48E6-4F73-A097-AF02C5C44AED}.Release|x86.ActiveCfg = Release|Win32
		{EDFC42DC-48E6-4F73-A097-AF02C5C44AED}.Release|x86.Build.0 = Release|Win32
		{8A8DB256-DDDD-4982-8E86-7F2E4FEDB015}.Debug|x64.ActiveCfg = Debug|x64
		{8A8DB256-DDDD-4982-8E86-7F2E4FEDB015}.Debug|x64.Build.0 = Debug|x64
		{8A8DB256-DDDD-4982-8E86-7F2E4FEDB015}.Debug|x86.ActiveCfg = Debug|Win32
		{8A8DB256-DDDD-4982-8E86-7F2E4FEDB015}.Debug|x86.Build.0 = Debug|Win32
		{8A8DB256-DDDD-4982-8E86-7F2E4FEDB015}.Release|x64.ActiveCfg = Release|x64
		{8A8DB256-DDDD-4982-8E86-7F2E4FEDB015}.Release|x64.Build.0 = Release|x64
		{8A8DB256-DDDD-4982-8E86-7F2E4FEDB015}.Release|x86.ActiveCfg = Release|Win32
		{8A8DB256-DDDD-4982-8E86-7F2E4FEDB015}.Release|x86.Build.0 = Release|Win32
		{9E3370FE-A2C3-4486-8BEC-FC46907D15A3}.Debug|x64.ActiveCfg = Debug|x64
		{9E3370FE-A2C3-4486-8BEC-FC46907D15A3}.Debug|x64.Build.0 = Debug|x64
		{9E3370FE-A2C3-4486-8BEC-FC46907D15A3}.Debug|x86.ActiveCfg = Debug|Win32
		{9E3370FE-A2C3-4486-8BEC-FC46907D15A3}.Debug|x86.Build.0 = Debug|Win32
		{9E3370FE-A2C3-4486-8BEC-FC46907D15A3}.Release|x64.ActiveCfg = Release|x64
		{9E3370FE-A2C3-4486-8BEC-FC46907D15A3}.Release|x64.Build.0 = Release|x64
		{9E3370FE-A2C3-4486-8BEC-FC46907D15A3}.Release|x86.ActiveCfg = Release|Win32
		{9E3370FE-A2C3-4486-8BEC-FC46907D15A3}.Release|x86.Build.0 = Release|Win32
		{07D57DAE-5B7F-4DF1-A5F0-499D304A8865}.Debug|x64.ActiveCfg = Debug|x64
		{07D57DAE-5B7F-4DF1-A5F0-499D304A8865}.Debug|x64.Build.0 = Debug|x64
		{07D57DAE-5B7F-4DF1-A5F0-499D304A8865}.Debug|x86.ActiveCfg = Debug|Win32
		{07D57DAE-5B7F-4DF1-A5F0-499D304A8865}.Debug|x86.Build.0 = Debug|Win32
		{07D57DAE-5B7F-4DF1-A5F0-499D304A8865}.Release|x64.ActiveCfg = Release|x64
		{07D57DAE-5B7F-4DF1-A5F0-499D304A8865}.Release|x64.Build.0 = Release|x64
		{07D57DAE-5B7F-4DF1-A5F0-499D304A8865}.Release|x86.ActiveCfg = Release|Win32
		{07D57DAE-5B7F-4DF1-A5F0-499D304A8865}.Release|x86.Build.0 = Release|Win32
		{117A5B0A-85FF-4CC5-9A2C-4AF804EEFD40}.Debug|x64.ActiveCfg = Debug|x64
		{117A5B0A-85FF-4CC5-9A2C-4AF804EEFD40}.Debug|x64.Build.0 = Debug|x64
		{117A5B0A-85FF-4CC5-9A2C-4AF804EEFD40}.Debug|x86.ActiveCfg = Debug|Win32
		{117A5B0A-85FF-4CC5-9A2C-4AF804EEFD40}.Debug|x86.Build.0 = Debug|Win32
		{117A5B0A-85FF-4CC5-9A2C-4AF804EEFD40}.Release|x64.ActiveCfg = Release|x64
		{117A5B0A-85FF-4CC5-9A2C-4AF804EEFD40}.Release|x64.Build.0 = Release|x64
		{117A5B0A-85FF-4CC5-9A2C-4AF804EEFD40}.Release|x86.ActiveCfg = Release|Win32
		{117A5B0A-85FF-4CC5-9A2C-4AF804EEFD40}.Release|x86.Build.0 = Release|Win32
		{06FB102B-9597-4DC5-97C5-18FA76B6B4B9}.Debug|x64.ActiveCfg = Debug|x64
		{06FB102B-9597-4DC5-97C5-18FA76B6B4B9}.Debug|x64.Build.0 = Debug|x64
		{06FB102B-9597-4DC5-97C5-18FA76B6B4B9}.Debug|x86.ActiveCfg = Debug|Win32
		{06FB102B-9597-4DC5-97C5-18FA76B6B4B9}.Debug|x86.Build.0 = Debug|Win32
		{06FB102B-9597-4DC5-97C5-18FA76B6B4B9}.Release|x64.ActiveCfg = Release|x64
		{06FB102B-9597-4DC5-97C5-18FA76B6B4B9}.Release|x64.Build.0 = Release|x64
		{06FB102B-9597-4DC5-97C5-18FA76B6B4B9}.Release|x86.ActiveCfg = Release|Win32
		{06FB102B-9597-4DC5-97C5-18FA76B6B4B9}.Release|x86.Build.0 = Release|Win32
		{08FBB9DE-D0B5-438E-8EF5-1A5BE6042115}.Debug|x64.ActiveCfg = Debug|x64
		{08FBB9DE-D0B5-438E-8EF5-1A5BE6042115}.Debug|x64.Build.0 = Debug|x64
		{08FBB9DE-D0B5-438E-8EF5-1A5BE6042115}.Debug|x86.ActiveCfg = Debug|Win32
		{08FBB9DE-D0B5-438E-8EF5-1A5BE6042115}.Debug|x86.Build.0 = Debug|Win32
		{08FBB9DE-D0B5-438E-8EF5-1A5BE6042115}.Release|x64.ActiveCfg = Release|x64
		{08FBB9DE-D0B5-438E-8EF5-1A5BE6042115}.Release|x64.Build.0 = Release|x64
		{08FBB9DE-D0B5-438E-8EF5-1A5BE6042115}.Release|x86.ActiveCfg = Release|Win32
		{08FBB9DE-D0B5-438E-8EF5-1A5BE6042115}.Release|x86.Build.0 = Release|Win32
		{921F3EFA-BADC-4D26-87F6-BCDC02889E65}.Debug|x64.ActiveCfg = Debug|x64
		{921F3EFA-BADC-4D26-87F6-BCDC02889E65}.Debug|x64.Build.0 = Debug|x64
		{921F3EFA-BADC-4D26-87F6-BCDC02889E65}.Debug|x86.ActiveCfg = Debug|Win32
		{921F3EFA-BADC-4D26-87F6-BCDC02889E65}.Debug|x86.Build.0 = Debug|Win32
		{921F3EFA-BADC-4D26-87F6-BCDC02889E65}.Release|x64.ActiveCfg = Release|x64
		{921F3EFA-BADC-4D26-87F6-BCDC02889E65}.Release|x64.Build.0 = Release|x64
		{921F3EFA-BADC-4D26-87F6-BCDC02889E65}.Release|x86.ActiveCfg = Release|Win32
		{921F3EFA-BADC-4D26-87F6-BCDC02889E65}.Release|x86.Build.0 = Release|Win32
		{B9A2745F-B62A-4EBE-9849-B0B059682859}.Debug|x64.ActiveCfg = Debug|x64
		{B9A2745F-B62A-4EBE-9849-B0B059682859}.Debug|x64.Build.0 = Debug|x64
		{B9A2745F-B62A-4EBE-9849-B0B059682859}.Debug|x86.ActiveCfg = Debug|Win32
		{B9A2745F-B62A-4EBE-9849-B0B059682859}.Debug|x86.Build.0 = Debug|Win32
		{B9A2745F-B62A-4EBE-9849-B0B059682859}.Release|x64.ActiveCfg = Release|x64
		{B9A2745F-B62A-4EBE-9849-B0B059682859}.Release|x64.Build.0 = Release|x64
		{B9A2745F-B62A-4EBE-9849-B0B059682859}.Release|x86.ActiveCfg = Release|Win32
		{B9A2745F-B62A-4EBE-9849-B0B059682859}.Release|x86.Build.0 = Release|Win32
		{E4100194-FFAF-40C9-9340-FD4C5320B15F}.Debug|x64.ActiveCfg = Debug|x64
		{E4100194-FFAF-40C9-9340-FD4C5320B15F}.Debug|x64.Build.0 = Debug|x64
		{E4100194-FFAF-40C9-9340-FD4C5320B15F}.Debug|x86.ActiveCfg = Debug|Win32
		{E4100194-FFAF-40C9-9340-FD4C5320B15F}.Debug|x86.Build.0 = Debug|Win32
		{E4100194-FFAF-40C9-9340-FD4C5320B15F}.Release|x64.ActiveCfg = Release|x64
		{E4100194-FFAF-40C9-9340-FD4C5320B15F}.Release|x64.Build.0 = Release|x64
		{E4100194-FFAF-40C9-9340-FD4C5320B15F}.Release|x86.ActiveCfg = Release|Win32
		{E4100194-FFAF-40C9-9340-FD4C5320B15F}.Release|x86.Build.0 = Release|Win32
		{1DB2988A-3011-4D48-94FF-993A27D9B7CD}.Debug|x64.ActiveCfg = Debug|x64
		{1DB2988A-3011-4D48-94FF-993A27D9B7CD}.Debug|x64.Build.0 = Debug|x64
		{1DB2988A-3011-4D48-94FF-993A27D9B7CD}.Debug|x86.ActiveCfg = Debug|Win32
		{1DB2988A-3011-4D48-94FF-993A27D9B7CD}.Debug|x86.Build.0 = Debug|Win32
		{1DB2988A-3011-4D48-94FF-993A27D9B7CD}.Release|x64.ActiveCfg = Release|x64
		{1DB2988A-3011-4D48-94FF-993A27D9B7CD}.Release|x64.Build.0 = Release|x64
		{1DB2988A-3011-4D48-94FF-993A27D9B7CD}.Release|x86.ActiveCfg = Release|Win32
		{1DB2988A-3011-4D48-94FF-993A27D9B7CD}.Release|x86.Build.0 = Release|Win32
		{2C09172A-1636-4F99-A5FA-853CA2846501}.Debug|x64.ActiveCfg = Debug|x64
		{2C09172A-1636-4F99-A5FA-853CA2846501}.Debug|x64.Build.0 = Debug|x64
		{2C09172A-1636-4F99-A5FA-853CA2846501}.Debug|x86.ActiveCfg = Debug|Win32
		{2C09172A-1636-4F99-A5FA-853CA2846501}.Debug|x86.Build.0 = Debug|Win32
		{2C09172A-1636-4F99-A5FA-853CA2846501}.Release|x64.ActiveCfg = Release|x64
		{2C09172A-1636-4F99-A5FA-853CA2846501}.Release|x64.Build.0 = Release|x64
		{2C09172A-1636-4F99-A5FA-853CA2846501}.Release|x86.ActiveCfg = Release|Win32
		{2C09172A-1636-4F99-A5FA-853CA2846501}.Release|x86.Build.0 = Release|Win32
		{E22A5257-F692-4A32-848B-FCFB02DAE1A3}.Debug|x64.ActiveCfg = Debug|x64
		{E22A5257-F692-4A32-848B-FCFB02DAE1A3}.Debug|x64.Build.0 = Debug|x64
		{E22A5257-F692-4A32-848B-FCFB02DAE1A3}.Debug|x86.ActiveCfg = Debug|Win32
		{E22A5257-F692-4A32-848B-FCFB02DAE1A3}.Debug|x86.Build.0 = Debug|Win32
		{E22A5257-F692-4A32-848B-FCFB02DAE1A3}.Release|x64.ActiveCfg = Release|x64
		{E22A5257-F692-4A32-848B-FCFB02DAE1A3}.Release|x64.Build.0 = Release|x64
		{E22A5257-F692-4A32-848B-FCFB02DAE1A3}.Release|x86.ActiveCfg = Release|Win32
		{E22A5257-F692-4A32-848B-FCFB02DAE1A3}.Release|x86.Build.0 = Release|Win32
		{1AAFE7DA-E200-4773-BA4E-1ABE8031B7DD}.Debug|x64.ActiveCfg = Debug|x64
		{1AAFE7DA-E200-4773-BA4E-1ABE8031B7DD}.Debug|x64.Build.0 = Debug|x64
		{1AAFE7DA-E200-4773-BA4E-1ABE8031B7DD}.Debug|x86.ActiveCfg = Debug|Win32
		{1AAFE7DA-E200-4773-BA4E-1ABE8031B7DD}.Debug|x86.Build.0 = Debug|Win32
		{1AAFE7DA-E200-4773-BA4E-1ABE8031B7DD}.Release|x64.ActiveCfg = Release|x64
		{1AAFE7DA-E200-4773-BA4E-1ABE8031B7DD}.Release|x64.Build.0 = Release|x64
		{1AAFE7DA-E200-4773-BA4E-1ABE8031B7DD}.Release|x86.ActiveCfg = Release|Win32
		{1AAFE7DA-E200-4773-BA4E-1ABE8031B7DD}.Release|x86.Build.0 = Release|Win32
		{666ACE8D-BADA-4803-B849-7D7F2F06EB40}.Debug|x64.ActiveCfg = Debug|x64
		{666ACE8D-BADA-4803-B849-7D7F2F06EB40}.Debug|x64.Build.0 = Debug|x64
		{666ACE8D-BADA-4803-B849-7D7F2F06EB40}.Debug|x86.ActiveCfg = Debug|Win32
		{666ACE8D-BADA-4803-B849-7D7F2F06EB40}.Debug|x86.Build.0 = Debug|Win32
		{666ACE8D-BADA-4803-B849-7D7F2F06EB40}.Release|x64.ActiveCfg = Release|x64
		{666ACE8D-BADA-4803-B849-7D7F2F06EB40}.Release|x64.Build.0 = Release|x64
		{666ACE8D-BADA-4803-B849-7D7F2F06EB40}.Release|x86.ActiveCfg = Release|Win32
		{666ACE8D-BADA-4803-B849-7D7F2F06EB40}.Release|x86.Build.0 = Release|Win32
		{086AC56F-3EDA-4E2D-8BB3-3A9232B42017}.Debug|x64.ActiveCfg = Debug|x64
		{086AC56F-3EDA-4E2D-8BB3-3A9232B42017}.Debug|x64.Build.0 = Debug|x64
		{086AC56F-3EDA-4E2D-8BB3-3A9232B42017}.Debug|x86.ActiveCfg = Debug|Win32
		{086AC56F-3EDA-4E2D-8BB3-3A9232B42017}.Debug|x86.Build.0 = Debug|Win32
		{086AC56F-3EDA-4E2D-8BB3-3A9232B42017}.Release|x64.ActiveCfg = Release|x64
		{086AC56F-3EDA-4E2D-8BB3-3A9232B42017}.Release|x64.Build.0 = Release|x64
		{086AC56F-3EDA-4E2D-8BB3-3A9232B42017}.Release|x86.ActiveCfg = Release|Win32
		{086AC56F-3EDA-4E2D-8BB3-3A9232B42017}.Release|x86.Build.0 = Release|Win32
		{3412D84F-A2A4-4F87-ACD6-977F8099C26C}.Debug|x64.ActiveCfg = Debug|x64
		{3412D84F-A2A4-4F87-ACD6-977F8099C26C}.Debug|x64.Build.0 = Debug|x64
		{3412D84F-A2A4-4F87-ACD6-977F8099C26C}.Debug|x86.ActiveCfg = Debug|Win32
		{3412D84F-A2A4-4F87-ACD6-977F8099C26C}.Debug|x86.Build.0 = Debug|Win32
		{3412D84F-A2A4-4F87-ACD6-977F8099C26C}.Release|x64.ActiveCfg = Release|x64
		{3412D84F-A2A4-4F87-ACD6-977F8099C26C}.Release|x64.Build.0 = Release|x64
		{3412D84F-A2A4-4F87-ACD6-977F8099C26C}.Release|x86.ActiveCfg = Release|Win32
		{3412D84F-A2A4-4F87-ACD6-977F8099C26C}.Release|x86.Build.0 = Release|Win32
	EndGlobalSection
	GlobalSection(SolutionProperties) = preSolution
		HideSolutionNode = FALSE
	EndGlobalSection
	GlobalSection(ExtensibilityGlobals) = postSolution
		SolutionGuid = {451B5BBF-5B79-4214-BDD0-C2977A1114BE}
	EndGlobalSection
EndGlobal
